# This file is automatically @generated by Cargo.
# It is not intended for manual editing.
version = 4

[[package]]
name = "command_computer"
version = "0.1.0"

[[package]]
name = "hello"
version = "0.1.0"

[[package]]
name = "kaisery_rust_camp"
version = "0.1.0"

[[package]]
name = "rust_programming_language"
version = "0.1.0"
